
Microsoft Visual Studio Solution File, Format Version 12.00
# Visual Studio Version 16
VisualStudioVersion = 16.0.29709.97
MinimumVisualStudioVersion = 10.0.40219.1
Project("{FAE04EC0-301F-11D3-BF4B-00C04F79EFBC}") = "CAT", "CAT\CAT.csproj", "{35379B53-B06F-4420-BE4A-DAA6FB1B8434}"
EndProject
Global
	GlobalSection(SolutionConfigurationPlatforms) = preSolution
		Debug|Any CPU = Debug|Any CPU
		Release|Any CPU = Release|Any CPU
	EndGlobalSection
	GlobalSection(ProjectConfigurationPlatforms) = postSolution
		{35379B53-B06F-4420-BE4A-DAA6FB1B8434}.Debug|Any CPU.ActiveCfg = Debug|Any CPU
		{35379B53-B06F-4420-BE4A-DAA6FB1B8434}.Debug|Any CPU.Build.0 = Debug|Any CPU
		{35379B53-B06F-4420-BE4A-DAA6FB1B8434}.Release|Any CPU.ActiveCfg = Release|Any CPU
		{35379B53-B06F-4420-BE4A-DAA6FB1B8434}.Release|Any CPU.Build.0 = Release|Any CPU
	EndGlobalSection
	GlobalSection(SolutionProperties) = preSolution
		HideSolutionNode = FALSE
	EndGlobalSection
	GlobalSection(ExtensibilityGlobals) = postSolution
		SolutionGuid = {95628FC6-8745-4FFC-B522-B307E5E63328}
	EndGlobalSection
EndGlobal
